// !$*UTF8*$!
{
	archiveVersion = 1;
	classes = {
	};
	objectVersion = 46;
	objects = {

/* Begin PBXBuildFile section */
		9DB3041A1DD0C4E60014D88B /* AppDelegate.swift in Sources */ = {isa = PBXBuildFile; fileRef = 9DB304191DD0C4E60014D88B /* AppDelegate.swift */; };
		9DB3041C1DD0C4E60014D88B /* ViewController.swift in Sources */ = {isa = PBXBuildFile; fileRef = 9DB3041B1DD0C4E60014D88B /* ViewController.swift */; };
		9DB3041F1DD0C4E60014D88B /* Main.storyboard in Resources */ = {isa = PBXBuildFile; fileRef = 9DB3041D1DD0C4E60014D88B /* Main.storyboard */; };
		9DB304211DD0C4E60014D88B /* Assets.xcassets in Resources */ = {isa = PBXBuildFile; fileRef = 9DB304201DD0C4E60014D88B /* Assets.xcassets */; };
		9DB304241DD0C4E60014D88B /* LaunchScreen.storyboard in Resources */ = {isa = PBXBuildFile; fileRef = 9DB304221DD0C4E60014D88B /* LaunchScreen.storyboard */; };
		9DB3042F1DD0C4E60014D88B /* TapWarTests.swift in Sources */ = {isa = PBXBuildFile; fileRef = 9DB3042E1DD0C4E60014D88B /* TapWarTests.swift */; };
		9DB3043A1DD0C4E60014D88B /* TapWarUITests.swift in Sources */ = {isa = PBXBuildFile; fileRef = 9DB304391DD0C4E60014D88B /* TapWarUITests.swift */; };
/* End PBXBuildFile section */

/* Begin PBXContainerItemProxy section */
		9DB3042B1DD0C4E60014D88B /* PBXContainerItemProxy */ = {
			isa = PBXContainerItemProxy;
			containerPortal = 9DB3040E1DD0C4E50014D88B /* Project object */;
			proxyType = 1;
			remoteGlobalIDString = 9DB304151DD0C4E60014D88B;
			remoteInfo = TapWar;
		};
		9DB304361DD0C4E60014D88B /* PBXContainerItemProxy */ = {
			isa = PBXContainerItemProxy;
			containerPortal = 9DB3040E1DD0C4E50014D88B /* Project object */;
			proxyType = 1;
			remoteGlobalIDString = 9DB304151DD0C4E60014D88B;
			remoteInfo = TapWar;
		};
/* End PBXContainerItemProxy section */

/* Begin PBXFileReference section */
		9DB304161DD0C4E60014D88B /* TapWar.app */ = {isa = PBXFileReference; explicitFileType = wrapper.application; includeInIndex = 0; path = TapWar.app; sourceTree = BUILT_PRODUCTS_DIR; };
		9DB304191DD0C4E60014D88B /* AppDelegate.swift */ = {isa = PBXFileReference; lastKnownFileType = sourcecode.swift; path = AppDelegate.swift; sourceTree = "<group>"; };
		9DB3041B1DD0C4E60014D88B /* ViewController.swift */ = {isa = PBXFileReference; lastKnownFileType = sourcecode.swift; path = ViewController.swift; sourceTree = "<group>"; };
		9DB3041E1DD0C4E60014D88B /* Base */ = {isa = PBXFileReference; lastKnownFileType = file.storyboard; name = Base; path = Base.lproj/Main.storyboard; sourceTree = "<group>"; };
		9DB304201DD0C4E60014D88B /* Assets.xcassets */ = {isa = PBXFileReference; lastKnownFileType = folder.assetcatalog; path = Assets.xcassets; sourceTree = "<group>"; };
		9DB304231DD0C4E60014D88B /* Base */ = {isa = PBXFileReference; lastKnownFileType = file.storyboard; name = Base; path = Base.lproj/LaunchScreen.storyboard; sourceTree = "<group>"; };
		9DB304251DD0C4E60014D88B /* Info.plist */ = {isa = PBXFileReference; lastKnownFileType = text.plist.xml; path = Info.plist; sourceTree = "<group>"; };
		9DB3042A1DD0C4E60014D88B /* TapWarTests.xctest */ = {isa = PBXFileReference; explicitFileType = wrapper.cfbundle; includeInIndex = 0; path = TapWarTests.xctest; sourceTree = BUILT_PRODUCTS_DIR; };
		9DB3042E1DD0C4E60014D88B /* TapWarTests.swift */ = {isa = PBXFileReference; lastKnownFileType = sourcecode.swift; path = TapWarTests.swift; sourceTree = "<group>"; };
		9DB304301DD0C4E60014D88B /* Info.plist */ = {isa = PBXFileReference; lastKnownFileType = text.plist.xml; path = Info.plist; sourceTree = "<group>"; };
		9DB304351DD0C4E60014D88B /* TapWarUITests.xctest */ = {isa = PBXFileReference; explicitFileType = wrapper.cfbundle; includeInIndex = 0; path = TapWarUITests.xctest; sourceTree = BUILT_PRODUCTS_DIR; };
		9DB304391DD0C4E60014D88B /* TapWarUITests.swift */ = {isa = PBXFileReference; lastKnownFileType = sourcecode.swift; path = TapWarUITests.swift; sourceTree = "<group>"; };
		9DB3043B1DD0C4E60014D88B /* Info.plist */ = {isa = PBXFileReference; lastKnownFileType = text.plist.xml; path = Info.plist; sourceTree = "<group>"; };
/* End PBXFileReference section */

/* Begin PBXFrameworksBuildPhase section */
		9DB304131DD0C4E60014D88B /* Frameworks */ = {
			isa = PBXFrameworksBuildPhase;
			buildActionMask = 2147483647;
			files = (
			);
			runOnlyForDeploymentPostprocessing = 0;
		};
		9DB304271DD0C4E60014D88B /* Frameworks */ = {
			isa = PBXFrameworksBuildPhase;
			buildActionMask = 2147483647;
			files = (
			);
			runOnlyForDeploymentPostprocessing = 0;
		};
		9DB304321DD0C4E60014D88B /* Frameworks */ = {
			isa = PBXFrameworksBuildPhase;
			buildActionMask = 2147483647;
			files = (
			);
			runOnlyForDeploymentPostprocessing = 0;
		};
/* End PBXFrameworksBuildPhase section */

/* Begin PBXGroup section */
		9DB3040D1DD0C4E50014D88B = {
			isa = PBXGroup;
			children = (
				9DB304181DD0C4E60014D88B /* TapWar */,
				9DB3042D1DD0C4E60014D88B /* TapWarTests */,
				9DB304381DD0C4E60014D88B /* TapWarUITests */,
				9DB304171DD0C4E60014D88B /* Products */,
			);
			sourceTree = "<group>";
		};
		9DB304171DD0C4E60014D88B /* Products */ = {
			isa = PBXGroup;
			children = (
				9DB304161DD0C4E60014D88B /* TapWar.app */,
				9DB3042A1DD0C4E60014D88B /* TapWarTests.xctest */,
				9DB304351DD0C4E60014D88B /* TapWarUITests.xctest */,
			);
			name = Products;
			sourceTree = "<group>";
		};
		9DB304181DD0C4E60014D88B /* TapWar */ = {
			isa = PBXGroup;
			children = (
				9DB304191DD0C4E60014D88B /* AppDelegate.swift */,
				9DB3041B1DD0C4E60014D88B /* ViewController.swift */,
				9DB3041D1DD0C4E60014D88B /* Main.storyboard */,
				9DB304201DD0C4E60014D88B /* Assets.xcassets */,
				9DB304221DD0C4E60014D88B /* LaunchScreen.storyboard */,
				9DB304251DD0C4E60014D88B /* Info.plist */,
			);
			path = TapWar;
			sourceTree = "<group>";
		};
		9DB3042D1DD0C4E60014D88B /* TapWarTests */ = {
			isa = PBXGroup;
			children = (
				9DB3042E1DD0C4E60014D88B /* TapWarTests.swift */,
				9DB304301DD0C4E60014D88B /* Info.plist */,
			);
			path = TapWarTests;
			sourceTree = "<group>";
		};
		9DB304381DD0C4E60014D88B /* TapWarUITests */ = {
			isa = PBXGroup;
			children = (
				9DB304391DD0C4E60014D88B /* TapWarUITests.swift */,
				9DB3043B1DD0C4E60014D88B /* Info.plist */,
			);
			path = TapWarUITests;
			sourceTree = "<group>";
		};
/* End PBXGroup section */

/* Begin PBXNativeTarget section */
		9DB304151DD0C4E60014D88B /* TapWar */ = {
			isa = PBXNativeTarget;
			buildConfigurationList = 9DB3043E1DD0C4E60014D88B /* Build configuration list for PBXNativeTarget "TapWar" */;
			buildPhases = (
				9DB304121DD0C4E60014D88B /* Sources */,
				9DB304131DD0C4E60014D88B /* Frameworks */,
				9DB304141DD0C4E60014D88B /* Resources */,
			);
			buildRules = (
			);
			dependencies = (
			);
			name = TapWar;
			productName = TapWar;
			productReference = 9DB304161DD0C4E60014D88B /* TapWar.app */;
			productType = "com.apple.product-type.application";
		};
		9DB304291DD0C4E60014D88B /* TapWarTests */ = {
			isa = PBXNativeTarget;
			buildConfigurationList = 9DB304411DD0C4E60014D88B /* Build configuration list for PBXNativeTarget "TapWarTests" */;
			buildPhases = (
				9DB304261DD0C4E60014D88B /* Sources */,
				9DB304271DD0C4E60014D88B /* Frameworks */,
				9DB304281DD0C4E60014D88B /* Resources */,
			);
			buildRules = (
			);
			dependencies = (
				9DB3042C1DD0C4E60014D88B /* PBXTargetDependency */,
			);
			name = TapWarTests;
			productName = TapWarTests;
			productReference = 9DB3042A1DD0C4E60014D88B /* TapWarTests.xctest */;
			productType = "com.apple.product-type.bundle.unit-test";
		};
		9DB304341DD0C4E60014D88B /* TapWarUITests */ = {
			isa = PBXNativeTarget;
			buildConfigurationList = 9DB304441DD0C4E60014D88B /* Build configuration list for PBXNativeTarget "TapWarUITests" */;
			buildPhases = (
				9DB304311DD0C4E60014D88B /* Sources */,
				9DB304321DD0C4E60014D88B /* Frameworks */,
				9DB304331DD0C4E60014D88B /* Resources */,
			);
			buildRules = (
			);
			dependencies = (
				9DB304371DD0C4E60014D88B /* PBXTargetDependency */,
			);
			name = TapWarUITests;
			productName = TapWarUITests;
			productReference = 9DB304351DD0C4E60014D88B /* TapWarUITests.xctest */;
			productType = "com.apple.product-type.bundle.ui-testing";
		};
/* End PBXNativeTarget section */

/* Begin PBXProject section */
		9DB3040E1DD0C4E50014D88B /* Project object */ = {
			isa = PBXProject;
			attributes = {
				LastSwiftUpdateCheck = 0810;
				LastUpgradeCheck = 0810;
				ORGANIZATIONNAME = "Salvatore  Polito";
				TargetAttributes = {
					9DB304151DD0C4E60014D88B = {
						CreatedOnToolsVersion = 8.1;
						DevelopmentTeam = AT2W83BFC8;
						ProvisioningStyle = Automatic;
					};
					9DB304291DD0C4E60014D88B = {
						CreatedOnToolsVersion = 8.1;
						ProvisioningStyle = Automatic;
						TestTargetID = 9DB304151DD0C4E60014D88B;
					};
					9DB304341DD0C4E60014D88B = {
						CreatedOnToolsVersion = 8.1;
						ProvisioningStyle = Automatic;
						TestTargetID = 9DB304151DD0C4E60014D88B;
					};
				};
			};
			buildConfigurationList = 9DB304111DD0C4E50014D88B /* Build configuration list for PBXProject "TapWar" */;
			compatibilityVersion = "Xcode 3.2";
			developmentRegion = English;
			hasScannedForEncodings = 0;
			knownRegions = (
				en,
				Base,
			);
			mainGroup = 9DB3040D1DD0C4E50014D88B;
			productRefGroup = 9DB304171DD0C4E60014D88B /* Products */;
			projectDirPath = "";
			projectRoot = "";
			targets = (
				9DB304151DD0C4E60014D88B /* TapWar */,
				9DB304291DD0C4E60014D88B /* TapWarTests */,
				9DB304341DD0C4E60014D88B /* TapWarUITests */,
			);
		};
/* End PBXProject section */

/* Begin PBXResourcesBuildPhase section */
		9DB304141DD0C4E60014D88B /* Resources */ = {
			isa = PBXResourcesBuildPhase;
			buildActionMask = 2147483647;
			files = (
				9DB304241DD0C4E60014D88B /* LaunchScreen.storyboard in Resources */,
				9DB304211DD0C4E60014D88B /* Assets.xcassets in Resources */,
				9DB3041F1DD0C4E60014D88B /* Main.storyboard in Resources */,
			);
			runOnlyForDeploymentPostprocessing = 0;
		};
		9DB304281DD0C4E60014D88B /* Resources */ = {
			isa = PBXResourcesBuildPhase;
			buildActionMask = 2147483647;
			files = (
			);
			runOnlyForDeploymentPostprocessing = 0;
		};
		9DB304331DD0C4E60014D88B /* Resources */ = {
			isa = PBXResourcesBuildPhase;
			buildActionMask = 2147483647;
			files = (
			);
			runOnlyForDeploymentPostprocessing = 0;
		};
/* End PBXResourcesBuildPhase section */

/* Begin PBXSourcesBuildPhase section */
		9DB304121DD0C4E60014D88B /* Sources */ = {
			isa = PBXSourcesBuildPhase;
			buildActionMask = 2147483647;
			files = (
				9DB3041C1DD0C4E60014D88B /* ViewController.swift in Sources */,
				9DB3041A1DD0C4E60014D88B /* AppDelegate.swift in Sources */,
			);
			runOnlyForDeploymentPostprocessing = 0;
		};
		9DB304261DD0C4E60014D88B /* Sources */ = {
			isa = PBXSourcesBuildPhase;
			buildActionMask = 2147483647;
			files = (
				9DB3042F1DD0C4E60014D88B /* TapWarTests.swift in Sources */,
			);
			runOnlyForDeploymentPostprocessing = 0;
		};
		9DB304311DD0C4E60014D88B /* Sources */ = {
			isa = PBXSourcesBuildPhase;
			buildActionMask = 2147483647;
			files = (
				9DB3043A1DD0C4E60014D88B /* TapWarUITests.swift in Sources */,
			);
			runOnlyForDeploymentPostprocessing = 0;
		};
/* End PBXSourcesBuildPhase section */

/* Begin PBXTargetDependency section */
		9DB3042C1DD0C4E60014D88B /* PBXTargetDependency */ = {
			isa = PBXTargetDependency;
			target = 9DB304151DD0C4E60014D88B /* TapWar */;
			targetProxy = 9DB3042B1DD0C4E60014D88B /* PBXContainerItemProxy */;
		};
		9DB304371DD0C4E60014D88B /* PBXTargetDependency */ = {
			isa = PBXTargetDependency;
			target = 9DB304151DD0C4E60014D88B /* TapWar */;
			targetProxy = 9DB304361DD0C4E60014D88B /* PBXContainerItemProxy */;
		};
/* End PBXTargetDependency section */

/* Begin PBXVariantGroup section */
		9DB3041D1DD0C4E60014D88B /* Main.storyboard */ = {
			isa = PBXVariantGroup;
			children = (
				9DB3041E1DD0C4E60014D88B /* Base */,
			);
			name = Main.storyboard;
			sourceTree = "<group>";
		};
		9DB304221DD0C4E60014D88B /* LaunchScreen.storyboard */ = {
			isa = PBXVariantGroup;
			children = (
				9DB304231DD0C4E60014D88B /* Base */,
			);
			name = LaunchScreen.storyboard;
			sourceTree = "<group>";
		};
/* End PBXVariantGroup section */

/* Begin XCBuildConfiguration section */
		9DB3043C1DD0C4E60014D88B /* Debug */ = {
			isa = XCBuildConfiguration;
			buildSettings = {
				ALWAYS_SEARCH_USER_PATHS = NO;
				CLANG_ANALYZER_NONNULL = YES;
				CLANG_CXX_LANGUAGE_STANDARD = "gnu++0x";
				CLANG_CXX_LIBRARY = "libc++";
				CLANG_ENABLE_MODULES = YES;
				CLANG_ENABLE_OBJC_ARC = YES;
				CLANG_WARN_BOOL_CONVERSION = YES;
				CLANG_WARN_CONSTANT_CONVERSION = YES;
				CLANG_WARN_DIRECT_OBJC_ISA_USAGE = YES_ERROR;
				CLANG_WARN_DOCUMENTATION_COMMENTS = YES;
				CLANG_WARN_EMPTY_BODY = YES;
				CLANG_WARN_ENUM_CONVERSION = YES;
				CLANG_WARN_INFINITE_RECURSION = YES;
				CLANG_WARN_INT_CONVERSION = YES;
				CLANG_WARN_OBJC_ROOT_CLASS = YES_ERROR;
				CLANG_WARN_SUSPICIOUS_MOVES = YES;
				CLANG_WARN_UNREACHABLE_CODE = YES;
				CLANG_WARN__DUPLICATE_METHOD_MATCH = YES;
				"CODE_SIGN_IDENTITY[sdk=iphoneos*]" = "iPhone Developer";
				COPY_PHASE_STRIP = NO;
				DEBUG_INFORMATION_FORMAT = dwarf;
				ENABLE_STRICT_OBJC_MSGSEND = YES;
				ENABLE_TESTABILITY = YES;
				GCC_C_LANGUAGE_STANDARD = gnu99;
				GCC_DYNAMIC_NO_PIC = NO;
				GCC_NO_COMMON_BLOCKS = YES;
				GCC_OPTIMIZATION_LEVEL = 0;
				GCC_PREPROCESSOR_DEFINITIONS = (
					"DEBUG=1",
					"$(inherited)",
				);
				GCC_WARN_64_TO_32_BIT_CONVERSION = YES;
				GCC_WARN_ABOUT_RETURN_TYPE = YES_ERROR;
				GCC_WARN_UNDECLARED_SELECTOR = YES;
				GCC_WARN_UNINITIALIZED_AUTOS = YES_AGGRESSIVE;
				GCC_WARN_UNUSED_FUNCTION = YES;
				GCC_WARN_UNUSED_VARIABLE = YES;
				IPHONEOS_DEPLOYMENT_TARGET = 10.1;
				MTL_ENABLE_DEBUG_INFO = YES;
				ONLY_ACTIVE_ARCH = YES;
				SDKROOT = iphoneos;
				SWIFT_ACTIVE_COMPILATION_CONDITIONS = DEBUG;
				SWIFT_OPTIMIZATION_LEVEL = "-Onone";
			};
			name = Debug;
		};
		9DB3043D1DD0C4E60014D88B /* Release */ = {
			isa = XCBuildConfiguration;
			buildSettings = {
				ALWAYS_SEARCH_USER_PATHS = NO;
				CLANG_ANALYZER_NONNULL = YES;
				CLANG_CXX_LANGUAGE_STANDARD = "gnu++0x";
				CLANG_CXX_LIBRARY = "libc++";
				CLANG_ENABLE_MODULES = YES;
				CLANG_ENABLE_OBJC_ARC = YES;
				CLANG_WARN_BOOL_CONVERSION = YES;
				CLANG_WARN_CONSTANT_CONVERSION = YES;
				CLANG_WARN_DIRECT_OBJC_ISA_USAGE = YES_ERROR;
				CLANG_WARN_DOCUMENTATION_COMMENTS = YES;
				CLANG_WARN_EMPTY_BODY = YES;
				CLANG_WARN_ENUM_CONVERSION = YES;
				CLANG_WARN_INFINITE_RECURSION = YES;
				CLANG_WARN_INT_CONVERSION = YES;
				CLANG_WARN_OBJC_ROOT_CLASS = YES_ERROR;
				CLANG_WARN_SUSPICIOUS_MOVES = YES;
				CLANG_WARN_UNREACHABLE_CODE = YES;
				CLANG_WARN__DUPLICATE_METHOD_MATCH = YES;
				"CODE_SIGN_IDENTITY[sdk=iphoneos*]" = "iPhone Developer";
				COPY_PHASE_STRIP = NO;
				DEBUG_INFORMATION_FORMAT = "dwarf-with-dsym";
				ENABLE_NS_ASSERTIONS = NO;
				ENABLE_STRICT_OBJC_MSGSEND = YES;
				GCC_C_LANGUAGE_STANDARD = gnu99;
				GCC_NO_COMMON_BLOCKS = YES;
				GCC_WARN_64_TO_32_BIT_CONVERSION = YES;
				GCC_WARN_ABOUT_RETURN_TYPE = YES_ERROR;
				GCC_WARN_UNDECLARED_SELECTOR = YES;
				GCC_WARN_UNINITIALIZED_AUTOS = YES_AGGRESSIVE;
				GCC_WARN_UNUSED_FUNCTION = YES;
				GCC_WARN_UNUSED_VARIABLE = YES;
				IPHONEOS_DEPLOYMENT_TARGET = 10.1;
				MTL_ENABLE_DEBUG_INFO = NO;
				SDKROOT = iphoneos;
				SWIFT_OPTIMIZATION_LEVEL = "-Owholemodule";
				VALIDATE_PRODUCT = YES;
			};
			name = Release;
		};
		9DB3043F1DD0C4E60014D88B /* Debug */ = {
			isa = XCBuildConfiguration;
			buildSettings = {
				ASSETCATALOG_COMPILER_APPICON_NAME = AppIcon;
				DEVELOPMENT_TEAM = AT2W83BFC8;
				INFOPLIST_FILE = TapWar/Info.plist;
				IPHONEOS_DEPLOYMENT_TARGET = 9.3;
				LD_RUNPATH_SEARCH_PATHS = "$(inherited) @executable_path/Frameworks";
				PRODUCT_BUNDLE_IDENTIFIER = salvatorepolito.TapWar;
				PRODUCT_NAME = "$(TARGET_NAME)";
				SWIFT_VERSION = 3.0;
			};
			name = Debug;
		};
		9DB304401DD0C4E60014D88B /* Release */ = {
			isa = XCBuildConfiguration;
			buildSettings = {
				ASSETCATALOG_COMPILER_APPICON_NAME = AppIcon;
				DEVELOPMENT_TEAM = AT2W83BFC8;
				INFOPLIST_FILE = TapWar/Info.plist;
				IPHONEOS_DEPLOYMENT_TARGET = 9.3;
				LD_RUNPATH_SEARCH_PATHS = "$(inherited) @executable_path/Frameworks";
				PRODUCT_BUNDLE_IDENTIFIER = salvatorepolito.TapWar;
				PRODUCT_NAME = "$(TARGET_NAME)";
				SWIFT_VERSION = 3.0;
			};
			name = Release;
		};
		9DB304421DD0C4E60014D88B /* Debug */ = {
			isa = XCBuildConfiguration;
			buildSettings = {
				ALWAYS_EMBED_SWIFT_STANDARD_LIBRARIES = YES;
				BUNDLE_LOADER = "$(TEST_HOST)";
				INFOPLIST_FILE = TapWarTests/Info.plist;
				LD_RUNPATH_SEARCH_PATHS = "$(inherited) @executable_path/Frameworks @loader_path/Frameworks";
				PRODUCT_BUNDLE_IDENTIFIER = salvatorepolito.TapWarTests;
				PRODUCT_NAME = "$(TARGET_NAME)";
				SWIFT_VERSION = 3.0;
				TEST_HOST = "$(BUILT_PRODUCTS_DIR)/TapWar.app/TapWar";
			};
			name = Debug;
		};
		9DB304431DD0C4E60014D88B /* Release */ = {
			isa = XCBuildConfiguration;
			buildSettings = {
				ALWAYS_EMBED_SWIFT_STANDARD_LIBRARIES = YES;
				BUNDLE_LOADER = "$(TEST_HOST)";
				INFOPLIST_FILE = TapWarTests/Info.plist;
				LD_RUNPATH_SEARCH_PATHS = "$(inherited) @executable_path/Frameworks @loader_path/Frameworks";
				PRODUCT_BUNDLE_IDENTIFIER = salvatorepolito.TapWarTests;
				PRODUCT_NAME = "$(TARGET_NAME)";
				SWIFT_VERSION = 3.0;
				TEST_HOST = "$(BUILT_PRODUCTS_DIR)/TapWar.app/TapWar";
			};
			name = Release;
		};
		9DB304451DD0C4E60014D88B /* Debug */ = {
			isa = XCBuildConfiguration;
			buildSettings = {
				ALWAYS_EMBED_SWIFT_STANDARD_LIBRARIES = YES;
				INFOPLIST_FILE = TapWarUITests/Info.plist;
				LD_RUNPATH_SEARCH_PATHS = "$(inherited) @executable_path/Frameworks @loader_path/Frameworks";
				PRODUCT_BUNDLE_IDENTIFIER = salvatorepolito.TapWarUITests;
				PRODUCT_NAME = "$(TARGET_NAME)";
				SWIFT_VERSION = 3.0;
				TEST_TARGET_NAME = TapWar;
			};
			name = Debug;
		};
		9DB304461DD0C4E60014D88B /* Release */ = {
			isa = XCBuildConfiguration;
			buildSettings = {
				ALWAYS_EMBED_SWIFT_STANDARD_LIBRARIES = YES;
				INFOPLIST_FILE = TapWarUITests/Info.plist;
				LD_RUNPATH_SEARCH_PATHS = "$(inherited) @executable_path/Frameworks @loader_path/Frameworks";
				PRODUCT_BUNDLE_IDENTIFIER = salvatorepolito.TapWarUITests;
				PRODUCT_NAME = "$(TARGET_NAME)";
				SWIFT_VERSION = 3.0;
				TEST_TARGET_NAME = TapWar;
			};
			name = Release;
		};
/* End XCBuildConfiguration section */

/* Begin XCConfigurationList section */
		9DB304111DD0C4E50014D88B /* Build configuration list for PBXProject "TapWar" */ = {
			isa = XCConfigurationList;
			buildConfigurations = (
				9DB3043C1DD0C4E60014D88B /* Debug */,
				9DB3043D1DD0C4E60014D88B /* Release */,
			);
			defaultConfigurationIsVisible = 0;
			defaultConfigurationName = Release;
		};
		9DB3043E1DD0C4E60014D88B /* Build configuration list for PBXNativeTarget "TapWar" */ = {
			isa = XCConfigurationList;
			buildConfigurations = (
				9DB3043F1DD0C4E60014D88B /* Debug */,
				9DB304401DD0C4E60014D88B /* Release */,
			);
			defaultConfigurationIsVisible = 0;
		};
		9DB304411DD0C4E60014D88B /* Build configuration list for PBXNativeTarget "TapWarTests" */ = {
			isa = XCConfigurationList;
			buildConfigurations = (
				9DB304421DD0C4E60014D88B /* Debug */,
				9DB304431DD0C4E60014D88B /* Release */,
			);
			defaultConfigurationIsVisible = 0;
		};
		9DB304441DD0C4E60014D88B /* Build configuration list for PBXNativeTarget "TapWarUITests" */ = {
			isa = XCConfigurationList;
			buildConfigurations = (
				9DB304451DD0C4E60014D88B /* Debug */,
				9DB304461DD0C4E60014D88B /* Release */,
			);
			defaultConfigurationIsVisible = 0;
		};
/* End XCConfigurationList section */
	};
	rootObject = 9DB3040E1DD0C4E50014D88B /* Project object */;
}
